
Microsoft Visual Studio Solution File, Format Version 12.00
# Visual Studio Version 16
VisualStudioVersion = 16.0.30804.86
MinimumVisualStudioVersion = 10.0.40219.1
Project("{FAE04EC0-301F-11D3-BF4B-00C04F79EFBC}") = "mycalc", "mycalc.csproj", "{6A08EDA3-D266-4FBD-9029-EFEA72240D23}"
EndProject
Global
	GlobalSection(SolutionConfigurationPlatforms) = preSolution
		Debug|Any CPU = Debug|Any CPU
		Release|Any CPU = Release|Any CPU
	EndGlobalSection
	GlobalSection(ProjectConfigurationPlatforms) = postSolution
		{6A08EDA3-D266-4FBD-9029-EFEA72240D23}.Debug|Any CPU.ActiveCfg = Debug|Any CPU
		{6A08EDA3-D266-4FBD-9029-EFEA72240D23}.Debug|Any CPU.Build.0 = Debug|Any CPU
		{6A08EDA3-D266-4FBD-9029-EFEA72240D23}.Release|Any CPU.ActiveCfg = Release|Any CPU
		{6A08EDA3-D266-4FBD-9029-EFEA72240D23}.Release|Any CPU.Build.0 = Release|Any CPU
	EndGlobalSection
	GlobalSection(SolutionProperties) = preSolution
		HideSolutionNode = FALSE
	EndGlobalSection
	GlobalSection(ExtensibilityGlobals) = postSolution
		SolutionGuid = {14D7956C-92DF-4EDC-B287-1D2AB20CD8E5}
	EndGlobalSection
EndGlobal
